{
  "name": "pvo-prototype",
  "version": "0.1.0",
  "lockfileVersion": 3,
  "requires": true,
  "packages": {
    "": {
      "name": "pvo-prototype",
      "version": "0.1.0",
      "license": "Apache-2.0",
      "workspaces": [
        "packages/*"
      ]
    },
    "node_modules/@pvo/sdk": {
      "resolved": "packages/pvo-sdk",
      "link": true
    },
    "packages/pvo-sdk": {
      "name": "@pvo/sdk",
      "version": "0.1.0",
      "license": "Apache-2.0",
      "engines": {
        "node": ">=18"
      }
    }
  }
}
